
Microsoft Visual Studio Solution File, Format Version 12.00
# Visual Studio Version 17
VisualStudioVersion = 17.14.36127.28 d17.14
MinimumVisualStudioVersion = 10.0.40219.1
Project("{FAE04EC0-301F-11D3-BF4B-00C04F79EFBC}") = "KZONE.Launcher", "KZONE.Launcher\KZONE.Launcher.csproj", "{23FDE5BF-0CE8-483F-83DF-23EA4AB040AC}"
EndProject
Project("{FAE04EC0-301F-11D3-BF4B-00C04F79EFBC}") = "KZONE.UI", "KZONE.UI\KZONE.UI.csproj", "{B510AD92-92D9-4060-91BC-13CA21EBFE05}"
EndProject
Project("{FAE04EC0-301F-11D3-BF4B-00C04F79EFBC}") = "KZONE.MessageManager", "KZONE.MessageManager\KZONE.MessageManager.csproj", "{FB3533D8-5F7E-4ABF-A0A7-98B61524DD49}"
EndProject
Project("{FAE04EC0-301F-11D3-BF4B-00C04F79EFBC}") = "KZONE.ConstantParameter", "KZONE.ConstantParameter\KZONE.ConstantParameter.csproj", "{81CB4A05-2AF9-4E5D-9678-7CC03B23E905}"
EndProject
Project("{FAE04EC0-301F-11D3-BF4B-00C04F79EFBC}") = "KZONE.Log", "KZONE.Log\KZONE.Log.csproj", "{D9AA22C7-E2C9-4AA6-ACC2-8CF1A4AE25C2}"
EndProject
Project("{FAE04EC0-301F-11D3-BF4B-00C04F79EFBC}") = "KZONE.PLCAgent", "KZONE.PLCAgent\KZONE.PLCAgent.csproj", "{26940EA6-3212-4B6E-86F8-244EBCF60D83}"
EndProject
Project("{FAE04EC0-301F-11D3-BF4B-00C04F79EFBC}") = "KZONE.PLCAgent.PLC", "KZONE.PLCAgent.PLC\KZONE.PLCAgent.PLC.csproj", "{02792A75-EE5D-471C-86B5-8ACC42C43675}"
EndProject
Project("{FAE04EC0-301F-11D3-BF4B-00C04F79EFBC}") = "KZONE.Entity", "KZONE.Entity\KZONE.Entity.csproj", "{D8255DBB-D5B9-4654-BD15-2A6A7130500D}"
EndProject
Project("{FAE04EC0-301F-11D3-BF4B-00C04F79EFBC}") = "KZONE.EntityManager", "KZONE.EntityManager\KZONE.EntityManager.csproj", "{3AF798BF-0431-4121-9DE7-87E25E23219B}"
EndProject
Project("{FAE04EC0-301F-11D3-BF4B-00C04F79EFBC}") = "KZONE.DB", "KZONE.DB\KZONE.DB.csproj", "{7DB85AF0-9E44-4A06-B39E-DC50E098D1DA}"
EndProject
Project("{2150E333-8FDC-42A3-9474-1A3956D46DE8}") = "Solution Items", "Solution Items", "{08C10BA4-EDCB-4386-B25A-DF283F3A274F}"
	ProjectSection(SolutionItems) = preProject
		GlobalAssemblyInfo.cs = GlobalAssemblyInfo.cs
	EndProjectSection
EndProject
Project("{FAE04EC0-301F-11D3-BF4B-00C04F79EFBC}") = "KZONE.Work", "KZONE.Work\KZONE.Work.csproj", "{DD1345B9-EA5C-431C-B841-BEC9C15DE37C}"
EndProject
Project("{FAE04EC0-301F-11D3-BF4B-00C04F79EFBC}") = "KZONE.Service", "KZONE.Service\KZONE.Service.csproj", "{8C944307-9960-4A9B-9CD0-3A76EF161F1D}"
	ProjectSection(ProjectDependencies) = postProject
		{81CB4A05-2AF9-4E5D-9678-7CC03B23E905} = {81CB4A05-2AF9-4E5D-9678-7CC03B23E905}
		{02792A75-EE5D-471C-86B5-8ACC42C43675} = {02792A75-EE5D-471C-86B5-8ACC42C43675}
		{26940EA6-3212-4B6E-86F8-244EBCF60D83} = {26940EA6-3212-4B6E-86F8-244EBCF60D83}
		{DD1345B9-EA5C-431C-B841-BEC9C15DE37C} = {DD1345B9-EA5C-431C-B841-BEC9C15DE37C}
		{D9AA22C7-E2C9-4AA6-ACC2-8CF1A4AE25C2} = {D9AA22C7-E2C9-4AA6-ACC2-8CF1A4AE25C2}
		{FB3533D8-5F7E-4ABF-A0A7-98B61524DD49} = {FB3533D8-5F7E-4ABF-A0A7-98B61524DD49}
		{7DB85AF0-9E44-4A06-B39E-DC50E098D1DA} = {7DB85AF0-9E44-4A06-B39E-DC50E098D1DA}
	EndProjectSection
EndProject
Project("{2150E333-8FDC-42A3-9474-1A3956D46DE8}") = "ReleaseNote", "ReleaseNote", "{62404894-2E51-41DE-B55B-342354A90D50}"
	ProjectSection(SolutionItems) = preProject
		Notes.xlsx = Notes.xlsx
	EndProjectSection
EndProject
Project("{FAE04EC0-301F-11D3-BF4B-00C04F79EFBC}") = "EipTagLibrary", "EipTagLibrary\EipTagLibrary.csproj", "{9C2B3E12-5807-4D3A-9D42-5D6BF3A45D18}"
EndProject
Global
	GlobalSection(SolutionConfigurationPlatforms) = preSolution
		Debug|Any CPU = Debug|Any CPU
		Debug|Mixed Platforms = Debug|Mixed Platforms
		Debug|x86 = Debug|x86
		Release|Any CPU = Release|Any CPU
		Release|Mixed Platforms = Release|Mixed Platforms
		Release|x86 = Release|x86
	EndGlobalSection
	GlobalSection(ProjectConfigurationPlatforms) = postSolution
		{23FDE5BF-0CE8-483F-83DF-23EA4AB040AC}.Debug|Any CPU.ActiveCfg = Debug|x86
		{23FDE5BF-0CE8-483F-83DF-23EA4AB040AC}.Debug|Any CPU.Build.0 = Debug|x86
		{23FDE5BF-0CE8-483F-83DF-23EA4AB040AC}.Debug|Mixed Platforms.ActiveCfg = Debug|x86
		{23FDE5BF-0CE8-483F-83DF-23EA4AB040AC}.Debug|Mixed Platforms.Build.0 = Debug|x86
		{23FDE5BF-0CE8-483F-83DF-23EA4AB040AC}.Debug|x86.ActiveCfg = Debug|x86
		{23FDE5BF-0CE8-483F-83DF-23EA4AB040AC}.Debug|x86.Build.0 = Debug|x86
		{23FDE5BF-0CE8-483F-83DF-23EA4AB040AC}.Release|Any CPU.ActiveCfg = Release|x86
		{23FDE5BF-0CE8-483F-83DF-23EA4AB040AC}.Release|Mixed Platforms.ActiveCfg = Release|x86
		{23FDE5BF-0CE8-483F-83DF-23EA4AB040AC}.Release|Mixed Platforms.Build.0 = Release|x86
		{23FDE5BF-0CE8-483F-83DF-23EA4AB040AC}.Release|x86.ActiveCfg = Release|x86
		{23FDE5BF-0CE8-483F-83DF-23EA4AB040AC}.Release|x86.Build.0 = Release|x86
		{B510AD92-92D9-4060-91BC-13CA21EBFE05}.Debug|Any CPU.ActiveCfg = Debug|Any CPU
		{B510AD92-92D9-4060-91BC-13CA21EBFE05}.Debug|Any CPU.Build.0 = Debug|Any CPU
		{B510AD92-92D9-4060-91BC-13CA21EBFE05}.Debug|Mixed Platforms.ActiveCfg = Debug|Any CPU
		{B510AD92-92D9-4060-91BC-13CA21EBFE05}.Debug|Mixed Platforms.Build.0 = Debug|Any CPU
		{B510AD92-92D9-4060-91BC-13CA21EBFE05}.Debug|x86.ActiveCfg = Debug|Any CPU
		{B510AD92-92D9-4060-91BC-13CA21EBFE05}.Debug|x86.Build.0 = Debug|Any CPU
		{B510AD92-92D9-4060-91BC-13CA21EBFE05}.Release|Any CPU.ActiveCfg = Release|Any CPU
		{B510AD92-92D9-4060-91BC-13CA21EBFE05}.Release|Any CPU.Build.0 = Release|Any CPU
		{B510AD92-92D9-4060-91BC-13CA21EBFE05}.Release|Mixed Platforms.ActiveCfg = Release|Any CPU
		{B510AD92-92D9-4060-91BC-13CA21EBFE05}.Release|Mixed Platforms.Build.0 = Release|Any CPU
		{B510AD92-92D9-4060-91BC-13CA21EBFE05}.Release|x86.ActiveCfg = Release|Any CPU
		{FB3533D8-5F7E-4ABF-A0A7-98B61524DD49}.Debug|Any CPU.ActiveCfg = Debug|Any CPU
		{FB3533D8-5F7E-4ABF-A0A7-98B61524DD49}.Debug|Any CPU.Build.0 = Debug|Any CPU
		{FB3533D8-5F7E-4ABF-A0A7-98B61524DD49}.Debug|Mixed Platforms.ActiveCfg = Debug|Any CPU
		{FB3533D8-5F7E-4ABF-A0A7-98B61524DD49}.Debug|Mixed Platforms.Build.0 = Debug|Any CPU
		{FB3533D8-5F7E-4ABF-A0A7-98B61524DD49}.Debug|x86.ActiveCfg = Debug|Any CPU
		{FB3533D8-5F7E-4ABF-A0A7-98B61524DD49}.Debug|x86.Build.0 = Debug|Any CPU
		{FB3533D8-5F7E-4ABF-A0A7-98B61524DD49}.Release|Any CPU.ActiveCfg = Release|Any CPU
		{FB3533D8-5F7E-4ABF-A0A7-98B61524DD49}.Release|Any CPU.Build.0 = Release|Any CPU
		{FB3533D8-5F7E-4ABF-A0A7-98B61524DD49}.Release|Mixed Platforms.ActiveCfg = Release|Any CPU
		{FB3533D8-5F7E-4ABF-A0A7-98B61524DD49}.Release|Mixed Platforms.Build.0 = Release|Any CPU
		{FB3533D8-5F7E-4ABF-A0A7-98B61524DD49}.Release|x86.ActiveCfg = Release|Any CPU
		{81CB4A05-2AF9-4E5D-9678-7CC03B23E905}.Debug|Any CPU.ActiveCfg = Debug|Any CPU
		{81CB4A05-2AF9-4E5D-9678-7CC03B23E905}.Debug|Any CPU.Build.0 = Debug|Any CPU
		{81CB4A05-2AF9-4E5D-9678-7CC03B23E905}.Debug|Mixed Platforms.ActiveCfg = Debug|Any CPU
		{81CB4A05-2AF9-4E5D-9678-7CC03B23E905}.Debug|Mixed Platforms.Build.0 = Debug|Any CPU
		{81CB4A05-2AF9-4E5D-9678-7CC03B23E905}.Debug|x86.ActiveCfg = Debug|Any CPU
		{81CB4A05-2AF9-4E5D-9678-7CC03B23E905}.Debug|x86.Build.0 = Debug|Any CPU
		{81CB4A05-2AF9-4E5D-9678-7CC03B23E905}.Release|Any CPU.ActiveCfg = Release|Any CPU
		{81CB4A05-2AF9-4E5D-9678-7CC03B23E905}.Release|Any CPU.Build.0 = Release|Any CPU
		{81CB4A05-2AF9-4E5D-9678-7CC03B23E905}.Release|Mixed Platforms.ActiveCfg = Release|Any CPU
		{81CB4A05-2AF9-4E5D-9678-7CC03B23E905}.Release|Mixed Platforms.Build.0 = Release|Any CPU
		{81CB4A05-2AF9-4E5D-9678-7CC03B23E905}.Release|x86.ActiveCfg = Release|Any CPU
		{D9AA22C7-E2C9-4AA6-ACC2-8CF1A4AE25C2}.Debug|Any CPU.ActiveCfg = Debug|Any CPU
		{D9AA22C7-E2C9-4AA6-ACC2-8CF1A4AE25C2}.Debug|Any CPU.Build.0 = Debug|Any CPU
		{D9AA22C7-E2C9-4AA6-ACC2-8CF1A4AE25C2}.Debug|Mixed Platforms.ActiveCfg = Debug|Any CPU
		{D9AA22C7-E2C9-4AA6-ACC2-8CF1A4AE25C2}.Debug|Mixed Platforms.Build.0 = Debug|Any CPU
		{D9AA22C7-E2C9-4AA6-ACC2-8CF1A4AE25C2}.Debug|x86.ActiveCfg = Debug|Any CPU
		{D9AA22C7-E2C9-4AA6-ACC2-8CF1A4AE25C2}.Debug|x86.Build.0 = Debug|Any CPU
		{D9AA22C7-E2C9-4AA6-ACC2-8CF1A4AE25C2}.Release|Any CPU.ActiveCfg = Release|Any CPU
		{D9AA22C7-E2C9-4AA6-ACC2-8CF1A4AE25C2}.Release|Any CPU.Build.0 = Release|Any CPU
		{D9AA22C7-E2C9-4AA6-ACC2-8CF1A4AE25C2}.Release|Mixed Platforms.ActiveCfg = Release|Any CPU
		{D9AA22C7-E2C9-4AA6-ACC2-8CF1A4AE25C2}.Release|Mixed Platforms.Build.0 = Release|Any CPU
		{D9AA22C7-E2C9-4AA6-ACC2-8CF1A4AE25C2}.Release|x86.ActiveCfg = Release|Any CPU
		{26940EA6-3212-4B6E-86F8-244EBCF60D83}.Debug|Any CPU.ActiveCfg = Debug|Any CPU
		{26940EA6-3212-4B6E-86F8-244EBCF60D83}.Debug|Any CPU.Build.0 = Debug|Any CPU
		{26940EA6-3212-4B6E-86F8-244EBCF60D83}.Debug|Mixed Platforms.ActiveCfg = Debug|Any CPU
		{26940EA6-3212-4B6E-86F8-244EBCF60D83}.Debug|Mixed Platforms.Build.0 = Debug|Any CPU
		{26940EA6-3212-4B6E-86F8-244EBCF60D83}.Debug|x86.ActiveCfg = Debug|Any CPU
		{26940EA6-3212-4B6E-86F8-244EBCF60D83}.Debug|x86.Build.0 = Debug|Any CPU
		{26940EA6-3212-4B6E-86F8-244EBCF60D83}.Release|Any CPU.ActiveCfg = Release|Any CPU
		{26940EA6-3212-4B6E-86F8-244EBCF60D83}.Release|Any CPU.Build.0 = Release|Any CPU
		{26940EA6-3212-4B6E-86F8-244EBCF60D83}.Release|Mixed Platforms.ActiveCfg = Release|Any CPU
		{26940EA6-3212-4B6E-86F8-244EBCF60D83}.Release|Mixed Platforms.Build.0 = Release|Any CPU
		{26940EA6-3212-4B6E-86F8-244EBCF60D83}.Release|x86.ActiveCfg = Release|Any CPU
		{02792A75-EE5D-471C-86B5-8ACC42C43675}.Debug|Any CPU.ActiveCfg = Debug|Any CPU
		{02792A75-EE5D-471C-86B5-8ACC42C43675}.Debug|Any CPU.Build.0 = Debug|Any CPU
		{02792A75-EE5D-471C-86B5-8ACC42C43675}.Debug|Mixed Platforms.ActiveCfg = Debug|Any CPU
		{02792A75-EE5D-471C-86B5-8ACC42C43675}.Debug|Mixed Platforms.Build.0 = Debug|Any CPU
		{02792A75-EE5D-471C-86B5-8ACC42C43675}.Debug|x86.ActiveCfg = Debug|Any CPU
		{02792A75-EE5D-471C-86B5-8ACC42C43675}.Debug|x86.Build.0 = Debug|Any CPU
		{02792A75-EE5D-471C-86B5-8ACC42C43675}.Release|Any CPU.ActiveCfg = Release|Any CPU
		{02792A75-EE5D-471C-86B5-8ACC42C43675}.Release|Any CPU.Build.0 = Release|Any CPU
		{02792A75-EE5D-471C-86B5-8ACC42C43675}.Release|Mixed Platforms.ActiveCfg = Release|Any CPU
		{02792A75-EE5D-471C-86B5-8ACC42C43675}.Release|Mixed Platforms.Build.0 = Release|Any CPU
		{02792A75-EE5D-471C-86B5-8ACC42C43675}.Release|x86.ActiveCfg = Release|Any CPU
		{D8255DBB-D5B9-4654-BD15-2A6A7130500D}.Debug|Any CPU.ActiveCfg = Debug|Any CPU
		{D8255DBB-D5B9-4654-BD15-2A6A7130500D}.Debug|Any CPU.Build.0 = Debug|Any CPU
		{D8255DBB-D5B9-4654-BD15-2A6A7130500D}.Debug|Mixed Platforms.ActiveCfg = Debug|Any CPU
		{D8255DBB-D5B9-4654-BD15-2A6A7130500D}.Debug|Mixed Platforms.Build.0 = Debug|Any CPU
		{D8255DBB-D5B9-4654-BD15-2A6A7130500D}.Debug|x86.ActiveCfg = Debug|Any CPU
		{D8255DBB-D5B9-4654-BD15-2A6A7130500D}.Debug|x86.Build.0 = Debug|Any CPU
		{D8255DBB-D5B9-4654-BD15-2A6A7130500D}.Release|Any CPU.ActiveCfg = Release|Any CPU
		{D8255DBB-D5B9-4654-BD15-2A6A7130500D}.Release|Any CPU.Build.0 = Release|Any CPU
		{D8255DBB-D5B9-4654-BD15-2A6A7130500D}.Release|Mixed Platforms.ActiveCfg = Release|Any CPU
		{D8255DBB-D5B9-4654-BD15-2A6A7130500D}.Release|Mixed Platforms.Build.0 = Release|Any CPU
		{D8255DBB-D5B9-4654-BD15-2A6A7130500D}.Release|x86.ActiveCfg = Release|Any CPU
		{3AF798BF-0431-4121-9DE7-87E25E23219B}.Debug|Any CPU.ActiveCfg = Debug|Any CPU
		{3AF798BF-0431-4121-9DE7-87E25E23219B}.Debug|Any CPU.Build.0 = Debug|Any CPU
		{3AF798BF-0431-4121-9DE7-87E25E23219B}.Debug|Mixed Platforms.ActiveCfg = Debug|Any CPU
		{3AF798BF-0431-4121-9DE7-87E25E23219B}.Debug|Mixed Platforms.Build.0 = Debug|Any CPU
		{3AF798BF-0431-4121-9DE7-87E25E23219B}.Debug|x86.ActiveCfg = Debug|Any CPU
		{3AF798BF-0431-4121-9DE7-87E25E23219B}.Debug|x86.Build.0 = Debug|Any CPU
		{3AF798BF-0431-4121-9DE7-87E25E23219B}.Release|Any CPU.ActiveCfg = Release|Any CPU
		{3AF798BF-0431-4121-9DE7-87E25E23219B}.Release|Any CPU.Build.0 = Release|Any CPU
		{3AF798BF-0431-4121-9DE7-87E25E23219B}.Release|Mixed Platforms.ActiveCfg = Release|Any CPU
		{3AF798BF-0431-4121-9DE7-87E25E23219B}.Release|Mixed Platforms.Build.0 = Release|Any CPU
		{3AF798BF-0431-4121-9DE7-87E25E23219B}.Release|x86.ActiveCfg = Release|Any CPU
		{7DB85AF0-9E44-4A06-B39E-DC50E098D1DA}.Debug|Any CPU.ActiveCfg = Debug|Any CPU
		{7DB85AF0-9E44-4A06-B39E-DC50E098D1DA}.Debug|Any CPU.Build.0 = Debug|Any CPU
		{7DB85AF0-9E44-4A06-B39E-DC50E098D1DA}.Debug|Mixed Platforms.ActiveCfg = Debug|Any CPU
		{7DB85AF0-9E44-4A06-B39E-DC50E098D1DA}.Debug|Mixed Platforms.Build.0 = Debug|Any CPU
		{7DB85AF0-9E44-4A06-B39E-DC50E098D1DA}.Debug|x86.ActiveCfg = Debug|Any CPU
		{7DB85AF0-9E44-4A06-B39E-DC50E098D1DA}.Debug|x86.Build.0 = Debug|Any CPU
		{7DB85AF0-9E44-4A06-B39E-DC50E098D1DA}.Release|Any CPU.ActiveCfg = Release|Any CPU
		{7DB85AF0-9E44-4A06-B39E-DC50E098D1DA}.Release|Any CPU.Build.0 = Release|Any CPU
		{7DB85AF0-9E44-4A06-B39E-DC50E098D1DA}.Release|Mixed Platforms.ActiveCfg = Release|Any CPU
		{7DB85AF0-9E44-4A06-B39E-DC50E098D1DA}.Release|Mixed Platforms.Build.0 = Release|Any CPU
		{7DB85AF0-9E44-4A06-B39E-DC50E098D1DA}.Release|x86.ActiveCfg = Release|Any CPU
		{DD1345B9-EA5C-431C-B841-BEC9C15DE37C}.Debug|Any CPU.ActiveCfg = Debug|Any CPU
		{DD1345B9-EA5C-431C-B841-BEC9C15DE37C}.Debug|Any CPU.Build.0 = Debug|Any CPU
		{DD1345B9-EA5C-431C-B841-BEC9C15DE37C}.Debug|Mixed Platforms.ActiveCfg = Debug|Any CPU
		{DD1345B9-EA5C-431C-B841-BEC9C15DE37C}.Debug|Mixed Platforms.Build.0 = Debug|Any CPU
		{DD1345B9-EA5C-431C-B841-BEC9C15DE37C}.Debug|x86.ActiveCfg = Debug|Any CPU
		{DD1345B9-EA5C-431C-B841-BEC9C15DE37C}.Debug|x86.Build.0 = Debug|Any CPU
		{DD1345B9-EA5C-431C-B841-BEC9C15DE37C}.Release|Any CPU.ActiveCfg = Release|Any CPU
		{DD1345B9-EA5C-431C-B841-BEC9C15DE37C}.Release|Any CPU.Build.0 = Release|Any CPU
		{DD1345B9-EA5C-431C-B841-BEC9C15DE37C}.Release|Mixed Platforms.ActiveCfg = Release|Any CPU
		{DD1345B9-EA5C-431C-B841-BEC9C15DE37C}.Release|Mixed Platforms.Build.0 = Release|Any CPU
		{DD1345B9-EA5C-431C-B841-BEC9C15DE37C}.Release|x86.ActiveCfg = Release|Any CPU
		{8C944307-9960-4A9B-9CD0-3A76EF161F1D}.Debug|Any CPU.ActiveCfg = Debug|Any CPU
		{8C944307-9960-4A9B-9CD0-3A76EF161F1D}.Debug|Any CPU.Build.0 = Debug|Any CPU
		{8C944307-9960-4A9B-9CD0-3A76EF161F1D}.Debug|Mixed Platforms.ActiveCfg = Debug|Any CPU
		{8C944307-9960-4A9B-9CD0-3A76EF161F1D}.Debug|Mixed Platforms.Build.0 = Debug|Any CPU
		{8C944307-9960-4A9B-9CD0-3A76EF161F1D}.Debug|x86.ActiveCfg = Debug|Any CPU
		{8C944307-9960-4A9B-9CD0-3A76EF161F1D}.Debug|x86.Build.0 = Debug|Any CPU
		{8C944307-9960-4A9B-9CD0-3A76EF161F1D}.Release|Any CPU.ActiveCfg = Release|Any CPU
		{8C944307-9960-4A9B-9CD0-3A76EF161F1D}.Release|Any CPU.Build.0 = Release|Any CPU
		{8C944307-9960-4A9B-9CD0-3A76EF161F1D}.Release|Mixed Platforms.ActiveCfg = Release|Any CPU
		{8C944307-9960-4A9B-9CD0-3A76EF161F1D}.Release|Mixed Platforms.Build.0 = Release|Any CPU
		{8C944307-9960-4A9B-9CD0-3A76EF161F1D}.Release|x86.ActiveCfg = Release|Any CPU
		{9C2B3E12-5807-4D3A-9D42-5D6BF3A45D18}.Debug|Any CPU.ActiveCfg = Debug|Any CPU
		{9C2B3E12-5807-4D3A-9D42-5D6BF3A45D18}.Debug|Any CPU.Build.0 = Debug|Any CPU
		{9C2B3E12-5807-4D3A-9D42-5D6BF3A45D18}.Debug|Mixed Platforms.ActiveCfg = Debug|Any CPU
		{9C2B3E12-5807-4D3A-9D42-5D6BF3A45D18}.Debug|Mixed Platforms.Build.0 = Debug|Any CPU
		{9C2B3E12-5807-4D3A-9D42-5D6BF3A45D18}.Debug|x86.ActiveCfg = Debug|Any CPU
		{9C2B3E12-5807-4D3A-9D42-5D6BF3A45D18}.Debug|x86.Build.0 = Debug|Any CPU
		{9C2B3E12-5807-4D3A-9D42-5D6BF3A45D18}.Release|Any CPU.ActiveCfg = Release|Any CPU
		{9C2B3E12-5807-4D3A-9D42-5D6BF3A45D18}.Release|Any CPU.Build.0 = Release|Any CPU
		{9C2B3E12-5807-4D3A-9D42-5D6BF3A45D18}.Release|Mixed Platforms.ActiveCfg = Release|Any CPU
		{9C2B3E12-5807-4D3A-9D42-5D6BF3A45D18}.Release|Mixed Platforms.Build.0 = Release|Any CPU
		{9C2B3E12-5807-4D3A-9D42-5D6BF3A45D18}.Release|x86.ActiveCfg = Release|Any CPU
		{9C2B3E12-5807-4D3A-9D42-5D6BF3A45D18}.Release|x86.Build.0 = Release|Any CPU
	EndGlobalSection
	GlobalSection(SolutionProperties) = preSolution
		HideSolutionNode = FALSE
	EndGlobalSection
	GlobalSection(ExtensibilityGlobals) = postSolution
		SolutionGuid = {D543761D-337B-47A9-A5B9-842E00A82E79}
	EndGlobalSection
EndGlobal
